PODS:
  - Alamofire (5.6.1)
  - ImageSlideshow (1.9.2):
    - ImageSlideshow/Core (= 1.9.2)
  - ImageSlideshow/Core (1.9.2)
  - ImageSlideshow/SDWebImage (1.9.2):
    - ImageSlideshow/Core
    - SDWebImage (>= 3.7)
  - MBProgressHUD (1.2.0)
  - SDWebImage (5.12.5):
    - SDWebImage/Core (= 5.12.5)
  - SDWebImage/Core (5.12.5)
  - SwiftLint (0.47.1)

DEPENDENCIES:
  - Alamofire
  - ImageSlideshow
  - ImageSlideshow/SDWebImage
  - MBProgressHUD
  - SDWebImage
  - SwiftLint

SPEC REPOS:
  trunk:
    - Alamofire
    - ImageSlideshow
    - MBProgressHUD
    - SDWebImage
    - SwiftLint

SPEC CHECKSUMS:
  Alamofire: 87bd8c952f9a4454320fce00d9cc3de57bcadaf5
  ImageSlideshow: be305b54eaf2b2cfc7a7141c7c734605d44dc07d
  MBProgressHUD: 3ee5efcc380f6a79a7cc9b363dd669c5e1ae7406
  SDWebImage: 0905f1b7760fc8ac4198cae0036600d67478751e
  SwiftLint: f80f1be7fa96d30e0aa68e58d45d4ea1ccaac519

PODFILE CHECKSUM: 4440ea1d73c57a2a94c7fc231b4c2137293445c5

COCOAPODS: 1.11.3
